// !$*UTF8*$!
{
	archiveVersion = 1;
	classes = {
	};
	objectVersion = 46;
	objects = {

/* Begin PBXBuildFile section */
		07930DEE1D182C2900AC2C8D /* KCBanner.m in Sources */ = {isa = PBXBuildFile; fileRef = 07930DE81D182C2900AC2C8D /* KCBanner.m */; };
		07930DEF1D182C2900AC2C8D /* KCBannerCell.m in Sources */ = {isa = PBXBuildFile; fileRef = 07930DEB1D182C2900AC2C8D /* KCBannerCell.m */; };
		07930DF01D182C2900AC2C8D /* KCBannerView.m in Sources */ = {isa = PBXBuildFile; fileRef = 07930DED1D182C2900AC2C8D /* KCBannerView.m */; };
		07E4D81E1C6B4719000A29EF /* main.m in Sources */ = {isa = PBXBuildFile; fileRef = 07E4D81D1C6B4719000A29EF /* main.m */; };
		07E4D8211C6B4719000A29EF /* AppDelegate.m in Sources */ = {isa = PBXBuildFile; fileRef = 07E4D8201C6B4719000A29EF /* AppDelegate.m */; };
		07E4D8241C6B4719000A29EF /* ViewController.m in Sources */ = {isa = PBXBuildFile; fileRef = 07E4D8231C6B4719000A29EF /* ViewController.m */; };
		07E4D8271C6B4719000A29EF /* Main.storyboard in Resources */ = {isa = PBXBuildFile; fileRef = 07E4D8251C6B4719000A29EF /* Main.storyboard */; };
		07E4D8291C6B4719000A29EF /* Assets.xcassets in Resources */ = {isa = PBXBuildFile; fileRef = 07E4D8281C6B4719000A29EF /* Assets.xcassets */; };
		07E4D82C1C6B4719000A29EF /* LaunchScreen.storyboard in Resources */ = {isa = PBXBuildFile; fileRef = 07E4D82A1C6B4719000A29EF /* LaunchScreen.storyboard */; };
		07E4D8371C6B4719000A29EF /* KCBannerViewDemoTests.m in Sources */ = {isa = PBXBuildFile; fileRef = 07E4D8361C6B4719000A29EF /* KCBannerViewDemoTests.m */; };
		07E4D8421C6B4719000A29EF /* KCBannerViewDemoUITests.m in Sources */ = {isa = PBXBuildFile; fileRef = 07E4D8411C6B4719000A29EF /* KCBannerViewDemoUITests.m */; };
		DCBFF53670102F8A48DF0324 /* Pods_KCBannerViewDemo.framework in Frameworks */ = {isa = PBXBuildFile; fileRef = 4A44CA6CF0FC1FC9B358ECB9 /* Pods_KCBannerViewDemo.framework */; };
/* End PBXBuildFile section */

/* Begin PBXContainerItemProxy section */
		07E4D8331C6B4719000A29EF /* PBXContainerItemProxy */ = {
			isa = PBXContainerItemProxy;
			containerPortal = 07E4D8111C6B4719000A29EF /* Project object */;
			proxyType = 1;
			remoteGlobalIDString = 07E4D8181C6B4719000A29EF;
			remoteInfo = KCBannerViewDemo;
		};
		07E4D83E1C6B4719000A29EF /* PBXContainerItemProxy */ = {
			isa = PBXContainerItemProxy;
			containerPortal = 07E4D8111C6B4719000A29EF /* Project object */;
			proxyType = 1;
			remoteGlobalIDString = 07E4D8181C6B4719000A29EF;
			remoteInfo = KCBannerViewDemo;
		};
/* End PBXContainerItemProxy section */

/* Begin PBXFileReference section */
		07930DE71D182C2900AC2C8D /* KCBanner.h */ = {isa = PBXFileReference; fileEncoding = 4; lastKnownFileType = sourcecode.c.h; path = KCBanner.h; sourceTree = "<group>"; };
		07930DE81D182C2900AC2C8D /* KCBanner.m */ = {isa = PBXFileReference; fileEncoding = 4; lastKnownFileType = sourcecode.c.objc; path = KCBanner.m; sourceTree = "<group>"; };
		07930DEA1D182C2900AC2C8D /* KCBannerCell.h */ = {isa = PBXFileReference; fileEncoding = 4; lastKnownFileType = sourcecode.c.h; path = KCBannerCell.h; sourceTree = "<group>"; };
		07930DEB1D182C2900AC2C8D /* KCBannerCell.m */ = {isa = PBXFileReference; fileEncoding = 4; lastKnownFileType = sourcecode.c.objc; path = KCBannerCell.m; sourceTree = "<group>"; };
		07930DEC1D182C2900AC2C8D /* KCBannerView.h */ = {isa = PBXFileReference; fileEncoding = 4; lastKnownFileType = sourcecode.c.h; path = KCBannerView.h; sourceTree = "<group>"; };
		07930DED1D182C2900AC2C8D /* KCBannerView.m */ = {isa = PBXFileReference; fileEncoding = 4; lastKnownFileType = sourcecode.c.objc; path = KCBannerView.m; sourceTree = "<group>"; };
		07E4D8191C6B4719000A29EF /* KCBannerViewDemo.app */ = {isa = PBXFileReference; explicitFileType = wrapper.application; includeInIndex = 0; path = KCBannerViewDemo.app; sourceTree = BUILT_PRODUCTS_DIR; };
		07E4D81D1C6B4719000A29EF /* main.m */ = {isa = PBXFileReference; lastKnownFileType = sourcecode.c.objc; path = main.m; sourceTree = "<group>"; };
		07E4D81F1C6B4719000A29EF /* AppDelegate.h */ = {isa = PBXFileReference; lastKnownFileType = sourcecode.c.h; path = AppDelegate.h; sourceTree = "<group>"; };
		07E4D8201C6B4719000A29EF /* AppDelegate.m */ = {isa = PBXFileReference; lastKnownFileType = sourcecode.c.objc; path = AppDelegate.m; sourceTree = "<group>"; };
		07E4D8221C6B4719000A29EF /* ViewController.h */ = {isa = PBXFileReference; lastKnownFileType = sourcecode.c.h; path = ViewController.h; sourceTree = "<group>"; };
		07E4D8231C6B4719000A29EF /* ViewController.m */ = {isa = PBXFileReference; lastKnownFileType = sourcecode.c.objc; path = ViewController.m; sourceTree = "<group>"; };
		07E4D8261C6B4719000A29EF /* Base */ = {isa = PBXFileReference; lastKnownFileType = file.storyboard; name = Base; path = Base.lproj/Main.storyboard; sourceTree = "<group>"; };
		07E4D8281C6B4719000A29EF /* Assets.xcassets */ = {isa = PBXFileReference; lastKnownFileType = folder.assetcatalog; path = Assets.xcassets; sourceTree = "<group>"; };
		07E4D82B1C6B4719000A29EF /* Base */ = {isa = PBXFileReference; lastKnownFileType = file.storyboard; name = Base; path = Base.lproj/LaunchScreen.storyboard; sourceTree = "<group>"; };
		07E4D82D1C6B4719000A29EF /* Info.plist */ = {isa = PBXFileReference; lastKnownFileType = text.plist.xml; path = Info.plist; sourceTree = "<group>"; };
		07E4D8321C6B4719000A29EF /* KCBannerViewDemoTests.xctest */ = {isa = PBXFileReference; explicitFileType = wrapper.cfbundle; includeInIndex = 0; path = KCBannerViewDemoTests.xctest; sourceTree = BUILT_PRODUCTS_DIR; };
		07E4D8361C6B4719000A29EF /* KCBannerViewDemoTests.m */ = {isa = PBXFileReference; lastKnownFileType = sourcecode.c.objc; path = KCBannerViewDemoTests.m; sourceTree = "<group>"; };
		07E4D8381C6B4719000A29EF /* Info.plist */ = {isa = PBXFileReference; lastKnownFileType = text.plist.xml; path = Info.plist; sourceTree = "<group>"; };
		07E4D83D1C6B4719000A29EF /* KCBannerViewDemoUITests.xctest */ = {isa = PBXFileReference; explicitFileType = wrapper.cfbundle; includeInIndex = 0; path = KCBannerViewDemoUITests.xctest; sourceTree = BUILT_PRODUCTS_DIR; };
		07E4D8411C6B4719000A29EF /* KCBannerViewDemoUITests.m */ = {isa = PBXFileReference; lastKnownFileType = sourcecode.c.objc; path = KCBannerViewDemoUITests.m; sourceTree = "<group>"; };
		07E4D8431C6B4719000A29EF /* Info.plist */ = {isa = PBXFileReference; lastKnownFileType = text.plist.xml; path = Info.plist; sourceTree = "<group>"; };
		3D04749A6EF6D2FDC0B353A6 /* Pods-KCBannerViewDemo.release.xcconfig */ = {isa = PBXFileReference; includeInIndex = 1; lastKnownFileType = text.xcconfig; name = "Pods-KCBannerViewDemo.release.xcconfig"; path = "Pods/Target Support Files/Pods-KCBannerViewDemo/Pods-KCBannerViewDemo.release.xcconfig"; sourceTree = "<group>"; };
		4A44CA6CF0FC1FC9B358ECB9 /* Pods_KCBannerViewDemo.framework */ = {isa = PBXFileReference; explicitFileType = wrapper.framework; includeInIndex = 0; path = Pods_KCBannerViewDemo.framework; sourceTree = BUILT_PRODUCTS_DIR; };
		A7C70289C87B44D5F3346ADB /* Pods-KCBannerViewDemo.debug.xcconfig */ = {isa = PBXFileReference; includeInIndex = 1; lastKnownFileType = text.xcconfig; name = "Pods-KCBannerViewDemo.debug.xcconfig"; path = "Pods/Target Support Files/Pods-KCBannerViewDemo/Pods-KCBannerViewDemo.debug.xcconfig"; sourceTree = "<group>"; };
/* End PBXFileReference section */

/* Begin PBXFrameworksBuildPhase section */
		07E4D8161C6B4719000A29EF /* Frameworks */ = {
			isa = PBXFrameworksBuildPhase;
			buildActionMask = 2147483647;
			files = (
				DCBFF53670102F8A48DF0324 /* Pods_KCBannerViewDemo.framework in Frameworks */,
			);
			runOnlyForDeploymentPostprocessing = 0;
		};
		07E4D82F1C6B4719000A29EF /* Frameworks */ = {
			isa = PBXFrameworksBuildPhase;
			buildActionMask = 2147483647;
			files = (
			);
			runOnlyForDeploymentPostprocessing = 0;
		};
		07E4D83A1C6B4719000A29EF /* Frameworks */ = {
			isa = PBXFrameworksBuildPhase;
			buildActionMask = 2147483647;
			files = (
			);
			runOnlyForDeploymentPostprocessing = 0;
		};
/* End PBXFrameworksBuildPhase section */

/* Begin PBXGroup section */
		07930DE51D182C2900AC2C8D /* KCBannerView */ = {
			isa = PBXGroup;
			children = (
				07930DE61D182C2900AC2C8D /* Model */,
				07930DE91D182C2900AC2C8D /* View */,
			);
			path = KCBannerView;
			sourceTree = SOURCE_ROOT;
		};
		07930DE61D182C2900AC2C8D /* Model */ = {
			isa = PBXGroup;
			children = (
				07930DE71D182C2900AC2C8D /* KCBanner.h */,
				07930DE81D182C2900AC2C8D /* KCBanner.m */,
			);
			path = Model;
			sourceTree = "<group>";
		};
		07930DE91D182C2900AC2C8D /* View */ = {
			isa = PBXGroup;
			children = (
				07930DEA1D182C2900AC2C8D /* KCBannerCell.h */,
				07930DEB1D182C2900AC2C8D /* KCBannerCell.m */,
				07930DEC1D182C2900AC2C8D /* KCBannerView.h */,
				07930DED1D182C2900AC2C8D /* KCBannerView.m */,
			);
			path = View;
			sourceTree = "<group>";
		};
		07E4D8101C6B4719000A29EF = {
			isa = PBXGroup;
			children = (
				07E4D81B1C6B4719000A29EF /* KCBannerViewDemo */,
				07E4D8351C6B4719000A29EF /* KCBannerViewDemoTests */,
				07E4D8401C6B4719000A29EF /* KCBannerViewDemoUITests */,
				07E4D81A1C6B4719000A29EF /* Products */,
				37EEB912E9F191301306154A /* Pods */,
				9D44623D7BF6AC9875C2C07D /* Frameworks */,
			);
			sourceTree = "<group>";
		};
		07E4D81A1C6B4719000A29EF /* Products */ = {
			isa = PBXGroup;
			children = (
				07E4D8191C6B4719000A29EF /* KCBannerViewDemo.app */,
				07E4D8321C6B4719000A29EF /* KCBannerViewDemoTests.xctest */,
				07E4D83D1C6B4719000A29EF /* KCBannerViewDemoUITests.xctest */,
			);
			name = Products;
			sourceTree = "<group>";
		};
		07E4D81B1C6B4719000A29EF /* KCBannerViewDemo */ = {
			isa = PBXGroup;
			children = (
				07930DE51D182C2900AC2C8D /* KCBannerView */,
				07E4D81F1C6B4719000A29EF /* AppDelegate.h */,
				07E4D8201C6B4719000A29EF /* AppDelegate.m */,
				07E4D8221C6B4719000A29EF /* ViewController.h */,
				07E4D8231C6B4719000A29EF /* ViewController.m */,
				07E4D8251C6B4719000A29EF /* Main.storyboard */,
				07E4D8281C6B4719000A29EF /* Assets.xcassets */,
				07E4D82A1C6B4719000A29EF /* LaunchScreen.storyboard */,
				07E4D82D1C6B4719000A29EF /* Info.plist */,
				07E4D81C1C6B4719000A29EF /* Supporting Files */,
			);
			path = KCBannerViewDemo;
			sourceTree = "<group>";
		};
		07E4D81C1C6B4719000A29EF /* Supporting Files */ = {
			isa = PBXGroup;
			children = (
				07E4D81D1C6B4719000A29EF /* main.m */,
			);
			name = "Supporting Files";
			sourceTree = "<group>";
		};
		07E4D8351C6B4719000A29EF /* KCBannerViewDemoTests */ = {
			isa = PBXGroup;
			children = (
				07E4D8361C6B4719000A29EF /* KCBannerViewDemoTests.m */,
				07E4D8381C6B4719000A29EF /* Info.plist */,
			);
			path = KCBannerViewDemoTests;
			sourceTree = "<group>";
		};
		07E4D8401C6B4719000A29EF /* KCBannerViewDemoUITests */ = {
			isa = PBXGroup;
			children = (
				07E4D8411C6B4719000A29EF /* KCBannerViewDemoUITests.m */,
				07E4D8431C6B4719000A29EF /* Info.plist */,
			);
			path = KCBannerViewDemoUITests;
			sourceTree = "<group>";
		};
		37EEB912E9F191301306154A /* Pods */ = {
			isa = PBXGroup;
			children = (
				A7C70289C87B44D5F3346ADB /* Pods-KCBannerViewDemo.debug.xcconfig */,
				3D04749A6EF6D2FDC0B353A6 /* Pods-KCBannerViewDemo.release.xcconfig */,
			);
			name = Pods;
			sourceTree = "<group>";
		};
		9D44623D7BF6AC9875C2C07D /* Frameworks */ = {
			isa = PBXGroup;
			children = (
				4A44CA6CF0FC1FC9B358ECB9 /* Pods_KCBannerViewDemo.framework */,
			);
			name = Frameworks;
			sourceTree = "<group>";
		};
/* End PBXGroup section */

/* Begin PBXNativeTarget section */
		07E4D8181C6B4719000A29EF /* KCBannerViewDemo */ = {
			isa = PBXNativeTarget;
			buildConfigurationList = 07E4D8461C6B4719000A29EF /* Build configuration list for PBXNativeTarget "KCBannerViewDemo" */;
			buildPhases = (
				A0939D5680519B4C92C8FEB2 /* Check Pods Manifest.lock */,
				07E4D8151C6B4719000A29EF /* Sources */,
				07E4D8161C6B4719000A29EF /* Frameworks */,
				07E4D8171C6B4719000A29EF /* Resources */,
				2180DE388D8578075635ED0D /* Embed Pods Frameworks */,
				2A1C26B6B0BBBE8D44BED5EF /* Copy Pods Resources */,
			);
			buildRules = (
			);
			dependencies = (
			);
			name = KCBannerViewDemo;
			productName = KCBannerViewDemo;
			productReference = 07E4D8191C6B4719000A29EF /* KCBannerViewDemo.app */;
			productType = "com.apple.product-type.application";
		};
		07E4D8311C6B4719000A29EF /* KCBannerViewDemoTests */ = {
			isa = PBXNativeTarget;
			buildConfigurationList = 07E4D8491C6B4719000A29EF /* Build configuration list for PBXNativeTarget "KCBannerViewDemoTests" */;
			buildPhases = (
				07E4D82E1C6B4719000A29EF /* Sources */,
				07E4D82F1C6B4719000A29EF /* Frameworks */,
				07E4D8301C6B4719000A29EF /* Resources */,
			);
			buildRules = (
			);
			dependencies = (
				07E4D8341C6B4719000A29EF /* PBXTargetDependency */,
			);
			name = KCBannerViewDemoTests;
			productName = KCBannerViewDemoTests;
			productReference = 07E4D8321C6B4719000A29EF /* KCBannerViewDemoTests.xctest */;
			productType = "com.apple.product-type.bundle.unit-test";
		};
		07E4D83C1C6B4719000A29EF /* KCBannerViewDemoUITests */ = {
			isa = PBXNativeTarget;
			buildConfigurationList = 07E4D84C1C6B4719000A29EF /* Build configuration list for PBXNativeTarget "KCBannerViewDemoUITests" */;
			buildPhases = (
				07E4D8391C6B4719000A29EF /* Sources */,
				07E4D83A1C6B4719000A29EF /* Frameworks */,
				07E4D83B1C6B4719000A29EF /* Resources */,
			);
			buildRules = (
			);
			dependencies = (
				07E4D83F1C6B4719000A29EF /* PBXTargetDependency */,
			);
			name = KCBannerViewDemoUITests;
			productName = KCBannerViewDemoUITests;
			productReference = 07E4D83D1C6B4719000A29EF /* KCBannerViewDemoUITests.xctest */;
			productType = "com.apple.product-type.bundle.ui-testing";
		};
/* End PBXNativeTarget section */

/* Begin PBXProject section */
		07E4D8111C6B4719000A29EF /* Project object */ = {
			isa = PBXProject;
			attributes = {
				LastUpgradeCheck = 0720;
				ORGANIZATIONNAME = Erica;
				TargetAttributes = {
					07E4D8181C6B4719000A29EF = {
						CreatedOnToolsVersion = 7.2.1;
						DevelopmentTeam = 2Y52UEM99S;
					};
					07E4D8311C6B4719000A29EF = {
						CreatedOnToolsVersion = 7.2.1;
						DevelopmentTeam = 2Y52UEM99S;
						TestTargetID = 07E4D8181C6B4719000A29EF;
					};
					07E4D83C1C6B4719000A29EF = {
						CreatedOnToolsVersion = 7.2.1;
						DevelopmentTeam = 2Y52UEM99S;
						TestTargetID = 07E4D8181C6B4719000A29EF;
					};
				};
			};
			buildConfigurationList = 07E4D8141C6B4719000A29EF /* Build configuration list for PBXProject "KCBannerViewDemo" */;
			compatibilityVersion = "Xcode 3.2";
			developmentRegion = English;
			hasScannedForEncodings = 0;
			knownRegions = (
				en,
				Base,
			);
			mainGroup = 07E4D8101C6B4719000A29EF;
			productRefGroup = 07E4D81A1C6B4719000A29EF /* Products */;
			projectDirPath = "";
			projectRoot = "";
			targets = (
				07E4D8181C6B4719000A29EF /* KCBannerViewDemo */,
				07E4D8311C6B4719000A29EF /* KCBannerViewDemoTests */,
				07E4D83C1C6B4719000A29EF /* KCBannerViewDemoUITests */,
			);
		};
/* End PBXProject section */

/* Begin PBXResourcesBuildPhase section */
		07E4D8171C6B4719000A29EF /* Resources */ = {
			isa = PBXResourcesBuildPhase;
			buildActionMask = 2147483647;
			files = (
				07E4D82C1C6B4719000A29EF /* LaunchScreen.storyboard in Resources */,
				07E4D8291C6B4719000A29EF /* Assets.xcassets in Resources */,
				07E4D8271C6B4719000A29EF /* Main.storyboard in Resources */,
			);
			runOnlyForDeploymentPostprocessing = 0;
		};
		07E4D8301C6B4719000A29EF /* Resources */ = {
			isa = PBXResourcesBuildPhase;
			buildActionMask = 2147483647;
			files = (
			);
			runOnlyForDeploymentPostprocessing = 0;
		};
		07E4D83B1C6B4719000A29EF /* Resources */ = {
			isa = PBXResourcesBuildPhase;
			buildActionMask = 2147483647;
			files = (
			);
			runOnlyForDeploymentPostprocessing = 0;
		};
/* End PBXResourcesBuildPhase section */

/* Begin PBXShellScriptBuildPhase section */
		2180DE388D8578075635ED0D /* Embed Pods Frameworks */ = {
			isa = PBXShellScriptBuildPhase;
			buildActionMask = 2147483647;
			files = (
			);
			inputPaths = (
			);
			name = "Embed Pods Frameworks";
			outputPaths = (
			);
			runOnlyForDeploymentPostprocessing = 0;
			shellPath = /bin/sh;
			shellScript = "\"${SRCROOT}/Pods/Target Support Files/Pods-KCBannerViewDemo/Pods-KCBannerViewDemo-frameworks.sh\"\n";
			showEnvVarsInLog = 0;
		};
		2A1C26B6B0BBBE8D44BED5EF /* Copy Pods Resources */ = {
			isa = PBXShellScriptBuildPhase;
			buildActionMask = 2147483647;
			files = (
			);
			inputPaths = (
			);
			name = "Copy Pods Resources";
			outputPaths = (
			);
			runOnlyForDeploymentPostprocessing = 0;
			shellPath = /bin/sh;
			shellScript = "\"${SRCROOT}/Pods/Target Support Files/Pods-KCBannerViewDemo/Pods-KCBannerViewDemo-resources.sh\"\n";
			showEnvVarsInLog = 0;
		};
		A0939D5680519B4C92C8FEB2 /* Check Pods Manifest.lock */ = {
			isa = PBXShellScriptBuildPhase;
			buildActionMask = 2147483647;
			files = (
			);
			inputPaths = (
			);
			name = "Check Pods Manifest.lock";
			outputPaths = (
			);
			runOnlyForDeploymentPostprocessing = 0;
			shellPath = /bin/sh;
			shellScript = "diff \"${PODS_ROOT}/../Podfile.lock\" \"${PODS_ROOT}/Manifest.lock\" > /dev/null\nif [[ $? != 0 ]] ; then\n    cat << EOM\nerror: The sandbox is not in sync with the Podfile.lock. Run 'pod install' or update your CocoaPods installation.\nEOM\n    exit 1\nfi\n";
			showEnvVarsInLog = 0;
		};
/* End PBXShellScriptBuildPhase section */

/* Begin PBXSourcesBuildPhase section */
		07E4D8151C6B4719000A29EF /* Sources */ = {
			isa = PBXSourcesBuildPhase;
			buildActionMask = 2147483647;
			files = (
				07E4D8241C6B4719000A29EF /* ViewController.m in Sources */,
				07930DEE1D182C2900AC2C8D /* KCBanner.m in Sources */,
				07930DF01D182C2900AC2C8D /* KCBannerView.m in Sources */,
				07E4D8211C6B4719000A29EF /* AppDelegate.m in Sources */,
				07930DEF1D182C2900AC2C8D /* KCBannerCell.m in Sources */,
				07E4D81E1C6B4719000A29EF /* main.m in Sources */,
			);
			runOnlyForDeploymentPostprocessing = 0;
		};
		07E4D82E1C6B4719000A29EF /* Sources */ = {
			isa = PBXSourcesBuildPhase;
			buildActionMask = 2147483647;
			files = (
				07E4D8371C6B4719000A29EF /* KCBannerViewDemoTests.m in Sources */,
			);
			runOnlyForDeploymentPostprocessing = 0;
		};
		07E4D8391C6B4719000A29EF /* Sources */ = {
			isa = PBXSourcesBuildPhase;
			buildActionMask = 2147483647;
			files = (
				07E4D8421C6B4719000A29EF /* KCBannerViewDemoUITests.m in Sources */,
			);
			runOnlyForDeploymentPostprocessing = 0;
		};
/* End PBXSourcesBuildPhase section */

/* Begin PBXTargetDependency section */
		07E4D8341C6B4719000A29EF /* PBXTargetDependency */ = {
			isa = PBXTargetDependency;
			target = 07E4D8181C6B4719000A29EF /* KCBannerViewDemo */;
			targetProxy = 07E4D8331C6B4719000A29EF /* PBXContainerItemProxy */;
		};
		07E4D83F1C6B4719000A29EF /* PBXTargetDependency */ = {
			isa = PBXTargetDependency;
			target = 07E4D8181C6B4719000A29EF /* KCBannerViewDemo */;
			targetProxy = 07E4D83E1C6B4719000A29EF /* PBXContainerItemProxy */;
		};
/* End PBXTargetDependency section */

/* Begin PBXVariantGroup section */
		07E4D8251C6B4719000A29EF /* Main.storyboard */ = {
			isa = PBXVariantGroup;
			children = (
				07E4D8261C6B4719000A29EF /* Base */,
			);
			name = Main.storyboard;
			sourceTree = "<group>";
		};
		07E4D82A1C6B4719000A29EF /* LaunchScreen.storyboard */ = {
			isa = PBXVariantGroup;
			children = (
				07E4D82B1C6B4719000A29EF /* Base */,
			);
			name = LaunchScreen.storyboard;
			sourceTree = "<group>";
		};
/* End PBXVariantGroup section */

/* Begin XCBuildConfiguration section */
		07E4D8441C6B4719000A29EF /* Debug */ = {
			isa = XCBuildConfiguration;
			buildSettings = {
				ALWAYS_SEARCH_USER_PATHS = NO;
				CLANG_CXX_LANGUAGE_STANDARD = "gnu++0x";
				CLANG_CXX_LIBRARY = "libc++";
				CLANG_ENABLE_MODULES = YES;
				CLANG_ENABLE_OBJC_ARC = YES;
				CLANG_WARN_BOOL_CONVERSION = YES;
				CLANG_WARN_CONSTANT_CONVERSION = YES;
				CLANG_WARN_DIRECT_OBJC_ISA_USAGE = YES_ERROR;
				CLANG_WARN_EMPTY_BODY = YES;
				CLANG_WARN_ENUM_CONVERSION = YES;
				CLANG_WARN_INT_CONVERSION = YES;
				CLANG_WARN_OBJC_ROOT_CLASS = YES_ERROR;
				CLANG_WARN_UNREACHABLE_CODE = YES;
				CLANG_WARN__DUPLICATE_METHOD_MATCH = YES;
				"CODE_SIGN_IDENTITY[sdk=iphoneos*]" = "iPhone Developer";
				COPY_PHASE_STRIP = NO;
				DEBUG_INFORMATION_FORMAT = dwarf;
				ENABLE_STRICT_OBJC_MSGSEND = YES;
				ENABLE_TESTABILITY = YES;
				GCC_C_LANGUAGE_STANDARD = gnu99;
				GCC_DYNAMIC_NO_PIC = NO;
				GCC_NO_COMMON_BLOCKS = YES;
				GCC_OPTIMIZATION_LEVEL = 0;
				GCC_PREPROCESSOR_DEFINITIONS = (
					"DEBUG=1",
					"$(inherited)",
				);
				GCC_WARN_64_TO_32_BIT_CONVERSION = YES;
				GCC_WARN_ABOUT_RETURN_TYPE = YES_ERROR;
				GCC_WARN_UNDECLARED_SELECTOR = YES;
				GCC_WARN_UNINITIALIZED_AUTOS = YES_AGGRESSIVE;
				GCC_WARN_UNUSED_FUNCTION = YES;
				GCC_WARN_UNUSED_VARIABLE = YES;
				IPHONEOS_DEPLOYMENT_TARGET = 9.2;
				MTL_ENABLE_DEBUG_INFO = YES;
				ONLY_ACTIVE_ARCH = YES;
				SDKROOT = iphoneos;
				TARGETED_DEVICE_FAMILY = "1,2";
			};
			name = Debug;
		};
		07E4D8451C6B4719000A29EF /* Release */ = {
			isa = XCBuildConfiguration;
			buildSettings = {
				ALWAYS_SEARCH_USER_PATHS = NO;
				CLANG_CXX_LANGUAGE_STANDARD = "gnu++0x";
				CLANG_CXX_LIBRARY = "libc++";
				CLANG_ENABLE_MODULES = YES;
				CLANG_ENABLE_OBJC_ARC = YES;
				CLANG_WARN_BOOL_CONVERSION = YES;
				CLANG_WARN_CONSTANT_CONVERSION = YES;
				CLANG_WARN_DIRECT_OBJC_ISA_USAGE = YES_ERROR;
				CLANG_WARN_EMPTY_BODY = YES;
				CLANG_WARN_ENUM_CONVERSION = YES;
				CLANG_WARN_INT_CONVERSION = YES;
				CLANG_WARN_OBJC_ROOT_CLASS = YES_ERROR;
				CLANG_WARN_UNREACHABLE_CODE = YES;
				CLANG_WARN__DUPLICATE_METHOD_MATCH = YES;
				"CODE_SIGN_IDENTITY[sdk=iphoneos*]" = "iPhone Developer";
				COPY_PHASE_STRIP = NO;
				DEBUG_INFORMATION_FORMAT = "dwarf-with-dsym";
				ENABLE_NS_ASSERTIONS = NO;
				ENABLE_STRICT_OBJC_MSGSEND = YES;
				GCC_C_LANGUAGE_STANDARD = gnu99;
				GCC_NO_COMMON_BLOCKS = YES;
				GCC_WARN_64_TO_32_BIT_CONVERSION = YES;
				GCC_WARN_ABOUT_RETURN_TYPE = YES_ERROR;
				GCC_WARN_UNDECLARED_SELECTOR = YES;
				GCC_WARN_UNINITIALIZED_AUTOS = YES_AGGRESSIVE;
				GCC_WARN_UNUSED_FUNCTION = YES;
				GCC_WARN_UNUSED_VARIABLE = YES;
				IPHONEOS_DEPLOYMENT_TARGET = 9.2;
				MTL_ENABLE_DEBUG_INFO = NO;
				SDKROOT = iphoneos;
				TARGETED_DEVICE_FAMILY = "1,2";
				VALIDATE_PRODUCT = YES;
			};
			name = Release;
		};
		07E4D8471C6B4719000A29EF /* Debug */ = {
			isa = XCBuildConfiguration;
			baseConfigurationReference = A7C70289C87B44D5F3346ADB /* Pods-KCBannerViewDemo.debug.xcconfig */;
			buildSettings = {
				ASSETCATALOG_COMPILER_APPICON_NAME = AppIcon;
				INFOPLIST_FILE = KCBannerViewDemo/Info.plist;
				IPHONEOS_DEPLOYMENT_TARGET = 7.0;
				LD_RUNPATH_SEARCH_PATHS = "$(inherited) @executable_path/Frameworks";
				PRODUCT_BUNDLE_IDENTIFIER = com.erica.KCBannerViewDemo;
				PRODUCT_NAME = "$(TARGET_NAME)";
				TARGETED_DEVICE_FAMILY = "1,2";
			};
			name = Debug;
		};
		07E4D8481C6B4719000A29EF /* Release */ = {
			isa = XCBuildConfiguration;
			baseConfigurationReference = 3D04749A6EF6D2FDC0B353A6 /* Pods-KCBannerViewDemo.release.xcconfig */;
			buildSettings = {
				ASSETCATALOG_COMPILER_APPICON_NAME = AppIcon;
				INFOPLIST_FILE = KCBannerViewDemo/Info.plist;
				IPHONEOS_DEPLOYMENT_TARGET = 7.0;
				LD_RUNPATH_SEARCH_PATHS = "$(inherited) @executable_path/Frameworks";
				PRODUCT_BUNDLE_IDENTIFIER = com.erica.KCBannerViewDemo;
				PRODUCT_NAME = "$(TARGET_NAME)";
				TARGETED_DEVICE_FAMILY = "1,2";
			};
			name = Release;
		};
		07E4D84A1C6B4719000A29EF /* Debug */ = {
			isa = XCBuildConfiguration;
			buildSettings = {
				BUNDLE_LOADER = "$(TEST_HOST)";
				INFOPLIST_FILE = KCBannerViewDemoTests/Info.plist;
				LD_RUNPATH_SEARCH_PATHS = "$(inherited) @executable_path/Frameworks @loader_path/Frameworks";
				PRODUCT_BUNDLE_IDENTIFIER = com.erica.KCBannerViewDemoTests;
				PRODUCT_NAME = "$(TARGET_NAME)";
				TEST_HOST = "$(BUILT_PRODUCTS_DIR)/KCBannerViewDemo.app/KCBannerViewDemo";
			};
			name = Debug;
		};
		07E4D84B1C6B4719000A29EF /* Release */ = {
			isa = XCBuildConfiguration;
			buildSettings = {
				BUNDLE_LOADER = "$(TEST_HOST)";
				INFOPLIST_FILE = KCBannerViewDemoTests/Info.plist;
				LD_RUNPATH_SEARCH_PATHS = "$(inherited) @executable_path/Frameworks @loader_path/Frameworks";
				PRODUCT_BUNDLE_IDENTIFIER = com.erica.KCBannerViewDemoTests;
				PRODUCT_NAME = "$(TARGET_NAME)";
				TEST_HOST = "$(BUILT_PRODUCTS_DIR)/KCBannerViewDemo.app/KCBannerViewDemo";
			};
			name = Release;
		};
		07E4D84D1C6B4719000A29EF /* Debug */ = {
			isa = XCBuildConfiguration;
			buildSettings = {
				INFOPLIST_FILE = KCBannerViewDemoUITests/Info.plist;
				LD_RUNPATH_SEARCH_PATHS = "$(inherited) @executable_path/Frameworks @loader_path/Frameworks";
				PRODUCT_BUNDLE_IDENTIFIER = com.erica.KCBannerViewDemoUITests;
				PRODUCT_NAME = "$(TARGET_NAME)";
				TEST_TARGET_NAME = KCBannerViewDemo;
				USES_XCTRUNNER = YES;
			};
			name = Debug;
		};
		07E4D84E1C6B4719000A29EF /* Release */ = {
			isa = XCBuildConfiguration;
			buildSettings = {
				INFOPLIST_FILE = KCBannerViewDemoUITests/Info.plist;
				LD_RUNPATH_SEARCH_PATHS = "$(inherited) @executable_path/Frameworks @loader_path/Frameworks";
				PRODUCT_BUNDLE_IDENTIFIER = com.erica.KCBannerViewDemoUITests;
				PRODUCT_NAME = "$(TARGET_NAME)";
				TEST_TARGET_NAME = KCBannerViewDemo;
				USES_XCTRUNNER = YES;
			};
			name = Release;
		};
/* End XCBuildConfiguration section */

/* Begin XCConfigurationList section */
		07E4D8141C6B4719000A29EF /* Build configuration list for PBXProject "KCBannerViewDemo" */ = {
			isa = XCConfigurationList;
			buildConfigurations = (
				07E4D8441C6B4719000A29EF /* Debug */,
				07E4D8451C6B4719000A29EF /* Release */,
			);
			defaultConfigurationIsVisible = 0;
			defaultConfigurationName = Release;
		};
		07E4D8461C6B4719000A29EF /* Build configuration list for PBXNativeTarget "KCBannerViewDemo" */ = {
			isa = XCConfigurationList;
			buildConfigurations = (
				07E4D8471C6B4719000A29EF /* Debug */,
				07E4D8481C6B4719000A29EF /* Release */,
			);
			defaultConfigurationIsVisible = 0;
			defaultConfigurationName = Release;
		};
		07E4D8491C6B4719000A29EF /* Build configuration list for PBXNativeTarget "KCBannerViewDemoTests" */ = {
			isa = XCConfigurationList;
			buildConfigurations = (
				07E4D84A1C6B4719000A29EF /* Debug */,
				07E4D84B1C6B4719000A29EF /* Release */,
			);
			defaultConfigurationIsVisible = 0;
			defaultConfigurationName = Release;
		};
		07E4D84C1C6B4719000A29EF /* Build configuration list for PBXNativeTarget "KCBannerViewDemoUITests" */ = {
			isa = XCConfigurationList;
			buildConfigurations = (
				07E4D84D1C6B4719000A29EF /* Debug */,
				07E4D84E1C6B4719000A29EF /* Release */,
			);
			defaultConfigurationIsVisible = 0;
			defaultConfigurationName = Release;
		};
/* End XCConfigurationList section */
	};
	rootObject = 07E4D8111C6B4719000A29EF /* Project object */;
}
